
Microsoft Visual Studio Solution File, Format Version 12.00
# Visual Studio Version 17
VisualStudioVersion = 17.13.35825.156 d17.13
MinimumVisualStudioVersion = 10.0.40219.1
Project("{FAE04EC0-301F-11D3-BF4B-00C04F79EFBC}") = "ProjetoEcommerce2", "ProjetoEcommerce2\ProjetoEcommerce2.csproj", "{27B3CC73-4722-4E36-B322-18DB33664321}"
EndProject
Global
	GlobalSection(SolutionConfigurationPlatforms) = preSolution
		Debug|Any CPU = Debug|Any CPU
		Release|Any CPU = Release|Any CPU
	EndGlobalSection
	GlobalSection(ProjectConfigurationPlatforms) = postSolution
		{27B3CC73-4722-4E36-B322-18DB33664321}.Debug|Any CPU.ActiveCfg = Debug|Any CPU
		{27B3CC73-4722-4E36-B322-18DB33664321}.Debug|Any CPU.Build.0 = Debug|Any CPU
		{27B3CC73-4722-4E36-B322-18DB33664321}.Release|Any CPU.ActiveCfg = Release|Any CPU
		{27B3CC73-4722-4E36-B322-18DB33664321}.Release|Any CPU.Build.0 = Release|Any CPU
	EndGlobalSection
	GlobalSection(SolutionProperties) = preSolution
		HideSolutionNode = FALSE
	EndGlobalSection
	GlobalSection(ExtensibilityGlobals) = postSolution
		SolutionGuid = {973E2237-0841-490F-A4B6-22B0DE09201D}
	EndGlobalSection
EndGlobal
